// !$*UTF8*$!
{
	archiveVersion = 1;
	classes = {
	};
	objectVersion = 56;
	objects = {

/* Begin PBXBuildFile section */
		26AC3E7D2EA6A6B2005F8F10 /* main.cpp in Sources */ = {isa = PBXBuildFile; fileRef = 26AC3E7C2EA6A6B2005F8F10 /* main.cpp */; };
		26AC3E882EA6A828005F8F10 /* libglfw.3.4.dylib in CopyFiles */ = {isa = PBXBuildFile; fileRef = 26AC3E842EA6A7DE005F8F10 /* libglfw.3.4.dylib */; };
		26AC3E8D2EA6A944005F8F10 /* libvulkan.1.4.328.dylib in CopyFiles */ = {isa = PBXBuildFile; fileRef = 26AC3E862EA6A803005F8F10 /* libvulkan.1.4.328.dylib */; };
		26AC3E8E2EA6AA26005F8F10 /* libvulkan.1.4.328.dylib in Frameworks */ = {isa = PBXBuildFile; fileRef = 26AC3E862EA6A803005F8F10 /* libvulkan.1.4.328.dylib */; };
		26AC3E932EA6B66B005F8F10 /* libglfw.3.4.dylib in Frameworks */ = {isa = PBXBuildFile; fileRef = 26AC3E842EA6A7DE005F8F10 /* libglfw.3.4.dylib */; };
		26AC3E9F2EA94927005F8F10 /* Application.cpp in Sources */ = {isa = PBXBuildFile; fileRef = 26AC3E9D2EA94927005F8F10 /* Application.cpp */; };
		26AC3EA22EA94EF3005F8F10 /* Window.cpp in Sources */ = {isa = PBXBuildFile; fileRef = 26AC3EA02EA94EF3005F8F10 /* Window.cpp */; };
		26AC3EA52EA95F03005F8F10 /* DeviceManager.cpp in Sources */ = {isa = PBXBuildFile; fileRef = 26AC3EA32EA95F03005F8F10 /* DeviceManager.cpp */; };
/* End PBXBuildFile section */

/* Begin PBXCopyFilesBuildPhase section */
		26AC3E772EA6A6B2005F8F10 /* CopyFiles */ = {
			isa = PBXCopyFilesBuildPhase;
			buildActionMask = 8;
			dstPath = "";
			dstSubfolderSpec = 10;
			files = (
				26AC3E8D2EA6A944005F8F10 /* libvulkan.1.4.328.dylib in CopyFiles */,
				26AC3E882EA6A828005F8F10 /* libglfw.3.4.dylib in CopyFiles */,
			);
			runOnlyForDeploymentPostprocessing = 1;
		};
/* End PBXCopyFilesBuildPhase section */

/* Begin PBXFileReference section */
		26AC3E792EA6A6B2005F8F10 /* Vulkan */ = {isa = PBXFileReference; explicitFileType = "compiled.mach-o.executable"; includeInIndex = 0; path = Vulkan; sourceTree = BUILT_PRODUCTS_DIR; };
		26AC3E7C2EA6A6B2005F8F10 /* main.cpp */ = {isa = PBXFileReference; lastKnownFileType = sourcecode.cpp.cpp; path = main.cpp; sourceTree = "<group>"; };
		26AC3E842EA6A7DE005F8F10 /* libglfw.3.4.dylib */ = {isa = PBXFileReference; lastKnownFileType = "compiled.mach-o.dylib"; name = libglfw.3.4.dylib; path = ../../../../../opt/homebrew/Cellar/glfw/3.4/lib/libglfw.3.4.dylib; sourceTree = "<group>"; };
		26AC3E862EA6A803005F8F10 /* libvulkan.1.4.328.dylib */ = {isa = PBXFileReference; lastKnownFileType = "compiled.mach-o.dylib"; name = libvulkan.1.4.328.dylib; path = ../../../VulkanSDK/1.4.328.1/macOS/lib/libvulkan.1.4.328.dylib; sourceTree = "<group>"; };
		26AC3E942EA6B794005F8F10 /* Vulkan.entitlements */ = {isa = PBXFileReference; lastKnownFileType = text.plist.entitlements; path = Vulkan.entitlements; sourceTree = "<group>"; };
		26AC3E9A2EA7EBAD005F8F10 /* shaders */ = {isa = PBXFileReference; lastKnownFileType = folder; path = shaders; sourceTree = "<group>"; };
		26AC3E9D2EA94927005F8F10 /* Application.cpp */ = {isa = PBXFileReference; lastKnownFileType = sourcecode.cpp.cpp; path = Application.cpp; sourceTree = "<group>"; };
		26AC3E9E2EA94927005F8F10 /* Application.h */ = {isa = PBXFileReference; lastKnownFileType = sourcecode.c.h; path = Application.h; sourceTree = "<group>"; };
		26AC3EA02EA94EF3005F8F10 /* Window.cpp */ = {isa = PBXFileReference; lastKnownFileType = sourcecode.cpp.cpp; path = Window.cpp; sourceTree = "<group>"; };
		26AC3EA12EA94EF3005F8F10 /* Window.h */ = {isa = PBXFileReference; lastKnownFileType = sourcecode.c.h; path = Window.h; sourceTree = "<group>"; };
		26AC3EA32EA95F03005F8F10 /* DeviceManager.cpp */ = {isa = PBXFileReference; lastKnownFileType = sourcecode.cpp.cpp; path = DeviceManager.cpp; sourceTree = "<group>"; };
		26AC3EA42EA95F03005F8F10 /* DeviceManager.h */ = {isa = PBXFileReference; lastKnownFileType = sourcecode.c.h; path = DeviceManager.h; sourceTree = "<group>"; };
/* End PBXFileReference section */

/* Begin PBXFrameworksBuildPhase section */
		26AC3E762EA6A6B2005F8F10 /* Frameworks */ = {
			isa = PBXFrameworksBuildPhase;
			buildActionMask = 2147483647;
			files = (
				26AC3E932EA6B66B005F8F10 /* libglfw.3.4.dylib in Frameworks */,
				26AC3E8E2EA6AA26005F8F10 /* libvulkan.1.4.328.dylib in Frameworks */,
			);
			runOnlyForDeploymentPostprocessing = 0;
		};
/* End PBXFrameworksBuildPhase section */

/* Begin PBXGroup section */
		26AC3E702EA6A6B2005F8F10 = {
			isa = PBXGroup;
			children = (
				26AC3E7B2EA6A6B2005F8F10 /* Vulkan */,
				26AC3E7A2EA6A6B2005F8F10 /* Products */,
				26AC3E832EA6A7DE005F8F10 /* Frameworks */,
			);
			sourceTree = "<group>";
		};
		26AC3E7A2EA6A6B2005F8F10 /* Products */ = {
			isa = PBXGroup;
			children = (
				26AC3E792EA6A6B2005F8F10 /* Vulkan */,
			);
			name = Products;
			sourceTree = "<group>";
		};
		26AC3E7B2EA6A6B2005F8F10 /* Vulkan */ = {
			isa = PBXGroup;
			children = (
				26AC3E9C2EA948DE005F8F10 /* renderer */,
				26AC3E9B2EA948D5005F8F10 /* core */,
				26AC3E9A2EA7EBAD005F8F10 /* shaders */,
				26AC3E942EA6B794005F8F10 /* Vulkan.entitlements */,
				26AC3E7C2EA6A6B2005F8F10 /* main.cpp */,
			);
			path = Vulkan;
			sourceTree = "<group>";
		};
		26AC3E832EA6A7DE005F8F10 /* Frameworks */ = {
			isa = PBXGroup;
			children = (
				26AC3E862EA6A803005F8F10 /* libvulkan.1.4.328.dylib */,
				26AC3E842EA6A7DE005F8F10 /* libglfw.3.4.dylib */,
			);
			name = Frameworks;
			sourceTree = "<group>";
		};
		26AC3E9B2EA948D5005F8F10 /* core */ = {
			isa = PBXGroup;
			children = (
				26AC3E9D2EA94927005F8F10 /* Application.cpp */,
				26AC3E9E2EA94927005F8F10 /* Application.h */,
				26AC3EA02EA94EF3005F8F10 /* Window.cpp */,
				26AC3EA12EA94EF3005F8F10 /* Window.h */,
			);
			path = core;
			sourceTree = "<group>";
		};
		26AC3E9C2EA948DE005F8F10 /* renderer */ = {
			isa = PBXGroup;
			children = (
				26AC3EA32EA95F03005F8F10 /* DeviceManager.cpp */,
				26AC3EA42EA95F03005F8F10 /* DeviceManager.h */,
			);
			path = renderer;
			sourceTree = "<group>";
		};
/* End PBXGroup section */

/* Begin PBXNativeTarget section */
		26AC3E782EA6A6B2005F8F10 /* Vulkan */ = {
			isa = PBXNativeTarget;
			buildConfigurationList = 26AC3E802EA6A6B2005F8F10 /* Build configuration list for PBXNativeTarget "Vulkan" */;
			buildPhases = (
				26AC3E752EA6A6B2005F8F10 /* Sources */,
				26AC3E762EA6A6B2005F8F10 /* Frameworks */,
				26AC3E772EA6A6B2005F8F10 /* CopyFiles */,
			);
			buildRules = (
			);
			dependencies = (
			);
			name = Vulkan;
			productName = Vulkan;
			productReference = 26AC3E792EA6A6B2005F8F10 /* Vulkan */;
			productType = "com.apple.product-type.tool";
		};
/* End PBXNativeTarget section */

/* Begin PBXProject section */
		26AC3E712EA6A6B2005F8F10 /* Project object */ = {
			isa = PBXProject;
			attributes = {
				BuildIndependentTargetsInParallel = 1;
				LastUpgradeCheck = 1500;
				TargetAttributes = {
					26AC3E782EA6A6B2005F8F10 = {
						CreatedOnToolsVersion = 15.0.1;
					};
				};
			};
			buildConfigurationList = 26AC3E742EA6A6B2005F8F10 /* Build configuration list for PBXProject "Vulkan" */;
			compatibilityVersion = "Xcode 14.0";
			developmentRegion = en;
			hasScannedForEncodings = 0;
			knownRegions = (
				en,
				Base,
			);
			mainGroup = 26AC3E702EA6A6B2005F8F10;
			productRefGroup = 26AC3E7A2EA6A6B2005F8F10 /* Products */;
			projectDirPath = "";
			projectRoot = "";
			targets = (
				26AC3E782EA6A6B2005F8F10 /* Vulkan */,
			);
		};
/* End PBXProject section */

/* Begin PBXSourcesBuildPhase section */
		26AC3E752EA6A6B2005F8F10 /* Sources */ = {
			isa = PBXSourcesBuildPhase;
			buildActionMask = 2147483647;
			files = (
				26AC3E9F2EA94927005F8F10 /* Application.cpp in Sources */,
				26AC3EA52EA95F03005F8F10 /* DeviceManager.cpp in Sources */,
				26AC3EA22EA94EF3005F8F10 /* Window.cpp in Sources */,
				26AC3E7D2EA6A6B2005F8F10 /* main.cpp in Sources */,
			);
			runOnlyForDeploymentPostprocessing = 0;
		};
/* End PBXSourcesBuildPhase section */

/* Begin XCBuildConfiguration section */
		26AC3E7E2EA6A6B2005F8F10 /* Debug */ = {
			isa = XCBuildConfiguration;
			buildSettings = {
				ALWAYS_SEARCH_USER_PATHS = NO;
				ASSETCATALOG_COMPILER_GENERATE_SWIFT_ASSET_SYMBOL_EXTENSIONS = YES;
				CLANG_ANALYZER_NONNULL = YES;
				CLANG_ANALYZER_NUMBER_OBJECT_CONVERSION = YES_AGGRESSIVE;
				CLANG_CXX_LANGUAGE_STANDARD = "gnu++20";
				CLANG_ENABLE_MODULES = YES;
				CLANG_ENABLE_OBJC_ARC = YES;
				CLANG_ENABLE_OBJC_WEAK = YES;
				CLANG_WARN_BLOCK_CAPTURE_AUTORELEASING = YES;
				CLANG_WARN_BOOL_CONVERSION = YES;
				CLANG_WARN_COMMA = YES;
				CLANG_WARN_CONSTANT_CONVERSION = YES;
				CLANG_WARN_DEPRECATED_OBJC_IMPLEMENTATIONS = YES;
				CLANG_WARN_DIRECT_OBJC_ISA_USAGE = YES_ERROR;
				CLANG_WARN_DOCUMENTATION_COMMENTS = YES;
				CLANG_WARN_EMPTY_BODY = YES;
				CLANG_WARN_ENUM_CONVERSION = YES;
				CLANG_WARN_INFINITE_RECURSION = YES;
				CLANG_WARN_INT_CONVERSION = YES;
				CLANG_WARN_NON_LITERAL_NULL_CONVERSION = YES;
				CLANG_WARN_OBJC_IMPLICIT_RETAIN_SELF = YES;
				CLANG_WARN_OBJC_LITERAL_CONVERSION = YES;
				CLANG_WARN_OBJC_ROOT_CLASS = YES_ERROR;
				CLANG_WARN_QUOTED_INCLUDE_IN_FRAMEWORK_HEADER = YES;
				CLANG_WARN_RANGE_LOOP_ANALYSIS = YES;
				CLANG_WARN_STRICT_PROTOTYPES = YES;
				CLANG_WARN_SUSPICIOUS_MOVE = YES;
				CLANG_WARN_UNGUARDED_AVAILABILITY = YES_AGGRESSIVE;
				CLANG_WARN_UNREACHABLE_CODE = YES;
				CLANG_WARN__DUPLICATE_METHOD_MATCH = YES;
				COPY_PHASE_STRIP = NO;
				DEBUG_INFORMATION_FORMAT = dwarf;
				ENABLE_STRICT_OBJC_MSGSEND = YES;
				ENABLE_TESTABILITY = YES;
				ENABLE_USER_SCRIPT_SANDBOXING = YES;
				GCC_C_LANGUAGE_STANDARD = gnu17;
				GCC_DYNAMIC_NO_PIC = NO;
				GCC_NO_COMMON_BLOCKS = YES;
				GCC_OPTIMIZATION_LEVEL = 0;
				GCC_PREPROCESSOR_DEFINITIONS = (
					"DEBUG=1",
					"$(inherited)",
				);
				GCC_WARN_64_TO_32_BIT_CONVERSION = YES;
				GCC_WARN_ABOUT_RETURN_TYPE = YES_ERROR;
				GCC_WARN_UNDECLARED_SELECTOR = YES;
				GCC_WARN_UNINITIALIZED_AUTOS = YES_AGGRESSIVE;
				GCC_WARN_UNUSED_FUNCTION = YES;
				GCC_WARN_UNUSED_VARIABLE = YES;
				LOCALIZATION_PREFERS_STRING_CATALOGS = YES;
				MACOSX_DEPLOYMENT_TARGET = 14.0;
				MTL_ENABLE_DEBUG_INFO = INCLUDE_SOURCE;
				MTL_FAST_MATH = YES;
				ONLY_ACTIVE_ARCH = YES;
				SDKROOT = macosx;
			};
			name = Debug;
		};
		26AC3E7F2EA6A6B2005F8F10 /* Release */ = {
			isa = XCBuildConfiguration;
			buildSettings = {
				ALWAYS_SEARCH_USER_PATHS = NO;
				ASSETCATALOG_COMPILER_GENERATE_SWIFT_ASSET_SYMBOL_EXTENSIONS = YES;
				CLANG_ANALYZER_NONNULL = YES;
				CLANG_ANALYZER_NUMBER_OBJECT_CONVERSION = YES_AGGRESSIVE;
				CLANG_CXX_LANGUAGE_STANDARD = "gnu++20";
				CLANG_ENABLE_MODULES = YES;
				CLANG_ENABLE_OBJC_ARC = YES;
				CLANG_ENABLE_OBJC_WEAK = YES;
				CLANG_WARN_BLOCK_CAPTURE_AUTORELEASING = YES;
				CLANG_WARN_BOOL_CONVERSION = YES;
				CLANG_WARN_COMMA = YES;
				CLANG_WARN_CONSTANT_CONVERSION = YES;
				CLANG_WARN_DEPRECATED_OBJC_IMPLEMENTATIONS = YES;
				CLANG_WARN_DIRECT_OBJC_ISA_USAGE = YES_ERROR;
				CLANG_WARN_DOCUMENTATION_COMMENTS = YES;
				CLANG_WARN_EMPTY_BODY = YES;
				CLANG_WARN_ENUM_CONVERSION = YES;
				CLANG_WARN_INFINITE_RECURSION = YES;
				CLANG_WARN_INT_CONVERSION = YES;
				CLANG_WARN_NON_LITERAL_NULL_CONVERSION = YES;
				CLANG_WARN_OBJC_IMPLICIT_RETAIN_SELF = YES;
				CLANG_WARN_OBJC_LITERAL_CONVERSION = YES;
				CLANG_WARN_OBJC_ROOT_CLASS = YES_ERROR;
				CLANG_WARN_QUOTED_INCLUDE_IN_FRAMEWORK_HEADER = YES;
				CLANG_WARN_RANGE_LOOP_ANALYSIS = YES;
				CLANG_WARN_STRICT_PROTOTYPES = YES;
				CLANG_WARN_SUSPICIOUS_MOVE = YES;
				CLANG_WARN_UNGUARDED_AVAILABILITY = YES_AGGRESSIVE;
				CLANG_WARN_UNREACHABLE_CODE = YES;
				CLANG_WARN__DUPLICATE_METHOD_MATCH = YES;
				COPY_PHASE_STRIP = NO;
				DEBUG_INFORMATION_FORMAT = "dwarf-with-dsym";
				ENABLE_NS_ASSERTIONS = NO;
				ENABLE_STRICT_OBJC_MSGSEND = YES;
				ENABLE_USER_SCRIPT_SANDBOXING = YES;
				GCC_C_LANGUAGE_STANDARD = gnu17;
				GCC_NO_COMMON_BLOCKS = YES;
				GCC_WARN_64_TO_32_BIT_CONVERSION = YES;
				GCC_WARN_ABOUT_RETURN_TYPE = YES_ERROR;
				GCC_WARN_UNDECLARED_SELECTOR = YES;
				GCC_WARN_UNINITIALIZED_AUTOS = YES_AGGRESSIVE;
				GCC_WARN_UNUSED_FUNCTION = YES;
				GCC_WARN_UNUSED_VARIABLE = YES;
				LOCALIZATION_PREFERS_STRING_CATALOGS = YES;
				MACOSX_DEPLOYMENT_TARGET = 14.0;
				MTL_ENABLE_DEBUG_INFO = NO;
				MTL_FAST_MATH = YES;
				SDKROOT = macosx;
			};
			name = Release;
		};
		26AC3E812EA6A6B2005F8F10 /* Debug */ = {
			isa = XCBuildConfiguration;
			buildSettings = {
				CODE_SIGN_ENTITLEMENTS = Vulkan/Vulkan.entitlements;
				CODE_SIGN_STYLE = Automatic;
				DEVELOPMENT_TEAM = 6KC32N2RXB;
				ENABLE_HARDENED_RUNTIME = YES;
				HEADER_SEARCH_PATHS = (
					/opt/homebrew/Cellar/glm/1.0.2/include,
					/opt/homebrew/Cellar/glfw/3.4/include,
					/Users/timi/VulkanSDK/1.4.328.1/macOS/include,
				);
				LD_RUNPATH_SEARCH_PATHS = (
					"@executable_path",
					"@loader_path",
					/Users/timi/VulkanSDK/1.4.328.1/macOS/lib,
				);
				LIBRARY_SEARCH_PATHS = (
					/opt/homebrew/Cellar/glm/1.0.2/lib,
					/opt/homebrew/Cellar/glfw/3.4/lib,
					/Users/timi/VulkanSDK/1.4.328.1/macOS/lib,
				);
				OTHER_LDFLAGS = "";
				PRODUCT_NAME = "$(TARGET_NAME)";
				SYSTEM_HEADER_SEARCH_PATHS = "";
			};
			name = Debug;
		};
		26AC3E822EA6A6B2005F8F10 /* Release */ = {
			isa = XCBuildConfiguration;
			buildSettings = {
				CODE_SIGN_ENTITLEMENTS = Vulkan/Vulkan.entitlements;
				CODE_SIGN_STYLE = Automatic;
				DEVELOPMENT_TEAM = 6KC32N2RXB;
				ENABLE_HARDENED_RUNTIME = YES;
				HEADER_SEARCH_PATHS = (
					/opt/homebrew/Cellar/glm/1.0.2/include,
					/opt/homebrew/Cellar/glfw/3.4/include,
					/Users/timi/VulkanSDK/1.4.328.1/macOS/include,
				);
				LD_RUNPATH_SEARCH_PATHS = (
					"@executable_path",
					"@loader_path",
					/Users/timi/VulkanSDK/1.4.328.1/macOS/lib,
				);
				LIBRARY_SEARCH_PATHS = (
					/opt/homebrew/Cellar/glm/1.0.2/lib,
					/opt/homebrew/Cellar/glfw/3.4/lib,
					/Users/timi/VulkanSDK/1.4.328.1/macOS/lib,
				);
				OTHER_LDFLAGS = "";
				PRODUCT_NAME = "$(TARGET_NAME)";
				SYSTEM_HEADER_SEARCH_PATHS = "";
			};
			name = Release;
		};
/* End XCBuildConfiguration section */

/* Begin XCConfigurationList section */
		26AC3E742EA6A6B2005F8F10 /* Build configuration list for PBXProject "Vulkan" */ = {
			isa = XCConfigurationList;
			buildConfigurations = (
				26AC3E7E2EA6A6B2005F8F10 /* Debug */,
				26AC3E7F2EA6A6B2005F8F10 /* Release */,
			);
			defaultConfigurationIsVisible = 0;
			defaultConfigurationName = Release;
		};
		26AC3E802EA6A6B2005F8F10 /* Build configuration list for PBXNativeTarget "Vulkan" */ = {
			isa = XCConfigurationList;
			buildConfigurations = (
				26AC3E812EA6A6B2005F8F10 /* Debug */,
				26AC3E822EA6A6B2005F8F10 /* Release */,
			);
			defaultConfigurationIsVisible = 0;
			defaultConfigurationName = Release;
		};
/* End XCConfigurationList section */
	};
	rootObject = 26AC3E712EA6A6B2005F8F10 /* Project object */;
}
